# This file is generated by running "yarn install" inside your project.
# Manual changes might be lost - proceed with caution!

__metadata:
  version: 8
  cacheKey: 10c0

"@cargo-messages/android-arm-eabi@npm:0.1.81":
  version: 0.1.81
  resolution: "@cargo-messages/android-arm-eabi@npm:0.1.81"
  conditions: os=android & cpu=arm
  languageName: node
  linkType: hard

"@cargo-messages/darwin-arm64@npm:0.1.81":
  version: 0.1.81
  resolution: "@cargo-messages/darwin-arm64@npm:0.1.81"
  conditions: os=darwin & cpu=arm64
  languageName: node
  linkType: hard

"@cargo-messages/darwin-x64@npm:0.1.81":
  version: 0.1.81
  resolution: "@cargo-messages/darwin-x64@npm:0.1.81"
  conditions: os=darwin & cpu=x64
  languageName: node
  linkType: hard

"@cargo-messages/linux-arm-gnueabihf@npm:0.1.81":
  version: 0.1.81
  resolution: "@cargo-messages/linux-arm-gnueabihf@npm:0.1.81"
  conditions: os=linux & cpu=arm
  languageName: node
  linkType: hard

"@cargo-messages/linux-arm64-gnu@npm:0.1.81":
  version: 0.1.81
  resolution: "@cargo-messages/linux-arm64-gnu@npm:0.1.81"
  conditions: os=linux & cpu=arm64
  languageName: node
  linkType: hard

"@cargo-messages/linux-arm64-musl@npm:0.1.81":
  version: 0.1.81
  resolution: "@cargo-messages/linux-arm64-musl@npm:0.1.81"
  conditions: os=linux & cpu=arm64
  languageName: node
  linkType: hard

"@cargo-messages/linux-x64-gnu@npm:0.1.81":
  version: 0.1.81
  resolution: "@cargo-messages/linux-x64-gnu@npm:0.1.81"
  conditions: os=linux & cpu=x64
  languageName: node
  linkType: hard

"@cargo-messages/linux-x64-musl@npm:0.1.81":
  version: 0.1.81
  resolution: "@cargo-messages/linux-x64-musl@npm:0.1.81"
  conditions: os=linux & cpu=x64
  languageName: node
  linkType: hard

"@cargo-messages/win32-arm64-msvc@npm:0.1.81":
  version: 0.1.81
  resolution: "@cargo-messages/win32-arm64-msvc@npm:0.1.81"
  conditions: os=win32 & cpu=arm64
  languageName: node
  linkType: hard

"@cargo-messages/win32-x64-msvc@npm:0.1.81":
  version: 0.1.81
  resolution: "@cargo-messages/win32-x64-msvc@npm:0.1.81"
  conditions: os=win32 & cpu=x64
  languageName: node
  linkType: hard

"@dgck81lnn/uiua@workspace:.":
  version: 0.0.0-use.local
  resolution: "@dgck81lnn/uiua@workspace:."
  dependencies:
    "@neon-rs/cli": "npm:0.1.82"
  languageName: unknown
  linkType: soft

"@neon-rs/cli@npm:0.1.82":
  version: 0.1.82
  resolution: "@neon-rs/cli@npm:0.1.82"
  dependencies:
    "@cargo-messages/android-arm-eabi": "npm:0.1.81"
    "@cargo-messages/darwin-arm64": "npm:0.1.81"
    "@cargo-messages/darwin-x64": "npm:0.1.81"
    "@cargo-messages/linux-arm-gnueabihf": "npm:0.1.81"
    "@cargo-messages/linux-arm64-gnu": "npm:0.1.81"
    "@cargo-messages/linux-arm64-musl": "npm:0.1.81"
    "@cargo-messages/linux-x64-gnu": "npm:0.1.81"
    "@cargo-messages/linux-x64-musl": "npm:0.1.81"
    "@cargo-messages/win32-arm64-msvc": "npm:0.1.81"
    "@cargo-messages/win32-x64-msvc": "npm:0.1.81"
  dependenciesMeta:
    "@cargo-messages/android-arm-eabi":
      optional: true
    "@cargo-messages/darwin-arm64":
      optional: true
    "@cargo-messages/darwin-x64":
      optional: true
    "@cargo-messages/linux-arm-gnueabihf":
      optional: true
    "@cargo-messages/linux-arm64-gnu":
      optional: true
    "@cargo-messages/linux-arm64-musl":
      optional: true
    "@cargo-messages/linux-x64-gnu":
      optional: true
    "@cargo-messages/linux-x64-musl":
      optional: true
    "@cargo-messages/win32-arm64-msvc":
      optional: true
    "@cargo-messages/win32-x64-msvc":
      optional: true
  bin:
    neon: index.js
  checksum: 10c0/bd7d3fdd4a0972b9f1eb03c4b231f73a30b3bd0d50770e4f65ecde7194df07a441abff908a445226dc8fed2d9ea5dfc640ce9be227adec73779af6d67c3ac320
  languageName: node
  linkType: hard
